
Microsoft Visual Studio Solution File, Format Version 12.00
# Visual Studio 15
VisualStudioVersion = 15.0.27703.2042
MinimumVisualStudioVersion = 10.0.40219.1
Project("{FAE04EC0-301F-11D3-BF4B-00C04F79EFBC}") = "EmoteWordGenerator", "EmoteWordGenerator\EmoteWordGenerator.csproj", "{7516E96A-AB62-4B4E-841D-B742CD8DF0AE}"
EndProject
Global
	GlobalSection(SolutionConfigurationPlatforms) = preSolution
		Debug|Any CPU = Debug|Any CPU
		Release|Any CPU = Release|Any CPU
	EndGlobalSection
	GlobalSection(ProjectConfigurationPlatforms) = postSolution
		{7516E96A-AB62-4B4E-841D-B742CD8DF0AE}.Debug|Any CPU.ActiveCfg = Debug|Any CPU
		{7516E96A-AB62-4B4E-841D-B742CD8DF0AE}.Debug|Any CPU.Build.0 = Debug|Any CPU
		{7516E96A-AB62-4B4E-841D-B742CD8DF0AE}.Release|Any CPU.ActiveCfg = Release|Any CPU
		{7516E96A-AB62-4B4E-841D-B742CD8DF0AE}.Release|Any CPU.Build.0 = Release|Any CPU
	EndGlobalSection
	GlobalSection(SolutionProperties) = preSolution
		HideSolutionNode = FALSE
	EndGlobalSection
	GlobalSection(ExtensibilityGlobals) = postSolution
		SolutionGuid = {514C7272-EC71-4BD6-BD09-C556C0C39EBE}
	EndGlobalSection
EndGlobal
